// !$*UTF8*$!
{
	archiveVersion = 1;
	classes = {
	};
	objectVersion = 48;
	objects = {

/* Begin PBXBuildFile section */
		B16B6D9B1F21C5DE0006D10B /* AppDelegate.swift in Sources */ = {isa = PBXBuildFile; fileRef = B16B6D9A1F21C5DE0006D10B /* AppDelegate.swift */; };
		B16B6D9D1F21C5DE0006D10B /* ViewController.swift in Sources */ = {isa = PBXBuildFile; fileRef = B16B6D9C1F21C5DE0006D10B /* ViewController.swift */; };
		B16B6DA01F21C5DE0006D10B /* Main.storyboard in Resources */ = {isa = PBXBuildFile; fileRef = B16B6D9E1F21C5DE0006D10B /* Main.storyboard */; };
		B16B6DA21F21C5DE0006D10B /* Assets.xcassets in Resources */ = {isa = PBXBuildFile; fileRef = B16B6DA11F21C5DE0006D10B /* Assets.xcassets */; };
		B16B6DA51F21C5DE0006D10B /* LaunchScreen.storyboard in Resources */ = {isa = PBXBuildFile; fileRef = B16B6DA31F21C5DE0006D10B /* LaunchScreen.storyboard */; };
		B16B6DB01F21C5DE0006D10B /* ARKitGameTests.swift in Sources */ = {isa = PBXBuildFile; fileRef = B16B6DAF1F21C5DE0006D10B /* ARKitGameTests.swift */; };
		B16B6DBB1F21C5DE0006D10B /* ARKitGameUITests.swift in Sources */ = {isa = PBXBuildFile; fileRef = B16B6DBA1F21C5DE0006D10B /* ARKitGameUITests.swift */; };
		B16B6DCB1F21D0C40006D10B /* art.scnassets in Resources */ = {isa = PBXBuildFile; fileRef = B16B6DCA1F21D0C40006D10B /* art.scnassets */; };
		B16B6DCD1F21D1DC0006D10B /* SpaceShip.swift in Sources */ = {isa = PBXBuildFile; fileRef = B16B6DCC1F21D1DC0006D10B /* SpaceShip.swift */; };
/* End PBXBuildFile section */

/* Begin PBXContainerItemProxy section */
		B16B6DAC1F21C5DE0006D10B /* PBXContainerItemProxy */ = {
			isa = PBXContainerItemProxy;
			containerPortal = B16B6D8F1F21C5DE0006D10B /* Project object */;
			proxyType = 1;
			remoteGlobalIDString = B16B6D961F21C5DE0006D10B;
			remoteInfo = ARKitGame;
		};
		B16B6DB71F21C5DE0006D10B /* PBXContainerItemProxy */ = {
			isa = PBXContainerItemProxy;
			containerPortal = B16B6D8F1F21C5DE0006D10B /* Project object */;
			proxyType = 1;
			remoteGlobalIDString = B16B6D961F21C5DE0006D10B;
			remoteInfo = ARKitGame;
		};
/* End PBXContainerItemProxy section */

/* Begin PBXFileReference section */
		B16B6D971F21C5DE0006D10B /* ARKitGame.app */ = {isa = PBXFileReference; explicitFileType = wrapper.application; includeInIndex = 0; path = ARKitGame.app; sourceTree = BUILT_PRODUCTS_DIR; };
		B16B6D9A1F21C5DE0006D10B /* AppDelegate.swift */ = {isa = PBXFileReference; lastKnownFileType = sourcecode.swift; path = AppDelegate.swift; sourceTree = "<group>"; };
		B16B6D9C1F21C5DE0006D10B /* ViewController.swift */ = {isa = PBXFileReference; lastKnownFileType = sourcecode.swift; path = ViewController.swift; sourceTree = "<group>"; };
		B16B6D9F1F21C5DE0006D10B /* Base */ = {isa = PBXFileReference; lastKnownFileType = file.storyboard; name = Base; path = Base.lproj/Main.storyboard; sourceTree = "<group>"; };
		B16B6DA11F21C5DE0006D10B /* Assets.xcassets */ = {isa = PBXFileReference; lastKnownFileType = folder.assetcatalog; path = Assets.xcassets; sourceTree = "<group>"; };
		B16B6DA41F21C5DE0006D10B /* Base */ = {isa = PBXFileReference; lastKnownFileType = file.storyboard; name = Base; path = Base.lproj/LaunchScreen.storyboard; sourceTree = "<group>"; };
		B16B6DA61F21C5DE0006D10B /* Info.plist */ = {isa = PBXFileReference; lastKnownFileType = text.plist.xml; path = Info.plist; sourceTree = "<group>"; };
		B16B6DAB1F21C5DE0006D10B /* ARKitGameTests.xctest */ = {isa = PBXFileReference; explicitFileType = wrapper.cfbundle; includeInIndex = 0; path = ARKitGameTests.xctest; sourceTree = BUILT_PRODUCTS_DIR; };
		B16B6DAF1F21C5DE0006D10B /* ARKitGameTests.swift */ = {isa = PBXFileReference; lastKnownFileType = sourcecode.swift; path = ARKitGameTests.swift; sourceTree = "<group>"; };
		B16B6DB11F21C5DE0006D10B /* Info.plist */ = {isa = PBXFileReference; lastKnownFileType = text.plist.xml; path = Info.plist; sourceTree = "<group>"; };
		B16B6DB61F21C5DE0006D10B /* ARKitGameUITests.xctest */ = {isa = PBXFileReference; explicitFileType = wrapper.cfbundle; includeInIndex = 0; path = ARKitGameUITests.xctest; sourceTree = BUILT_PRODUCTS_DIR; };
		B16B6DBA1F21C5DE0006D10B /* ARKitGameUITests.swift */ = {isa = PBXFileReference; lastKnownFileType = sourcecode.swift; path = ARKitGameUITests.swift; sourceTree = "<group>"; };
		B16B6DBC1F21C5DE0006D10B /* Info.plist */ = {isa = PBXFileReference; lastKnownFileType = text.plist.xml; path = Info.plist; sourceTree = "<group>"; };
		B16B6DC91F21CADF0006D10B /* ARKit.framework */ = {isa = PBXFileReference; lastKnownFileType = wrapper.framework; name = ARKit.framework; path = System/Library/Frameworks/ARKit.framework; sourceTree = SDKROOT; };
		B16B6DCA1F21D0C40006D10B /* art.scnassets */ = {isa = PBXFileReference; lastKnownFileType = wrapper.scnassets; name = art.scnassets; path = ../../../Downloads/art.scnassets; sourceTree = "<group>"; };
		B16B6DCC1F21D1DC0006D10B /* SpaceShip.swift */ = {isa = PBXFileReference; lastKnownFileType = sourcecode.swift; path = SpaceShip.swift; sourceTree = "<group>"; };
		B16B6DD41F22854D0006D10B /* README.md */ = {isa = PBXFileReference; lastKnownFileType = net.daringfireball.markdown; path = README.md; sourceTree = "<group>"; };
/* End PBXFileReference section */

/* Begin PBXFrameworksBuildPhase section */
		B16B6D941F21C5DE0006D10B /* Frameworks */ = {
			isa = PBXFrameworksBuildPhase;
			buildActionMask = 2147483647;
			files = (
			);
			runOnlyForDeploymentPostprocessing = 0;
		};
		B16B6DA81F21C5DE0006D10B /* Frameworks */ = {
			isa = PBXFrameworksBuildPhase;
			buildActionMask = 2147483647;
			files = (
			);
			runOnlyForDeploymentPostprocessing = 0;
		};
		B16B6DB31F21C5DE0006D10B /* Frameworks */ = {
			isa = PBXFrameworksBuildPhase;
			buildActionMask = 2147483647;
			files = (
			);
			runOnlyForDeploymentPostprocessing = 0;
		};
/* End PBXFrameworksBuildPhase section */

/* Begin PBXGroup section */
		B16B6D8E1F21C5DE0006D10B = {
			isa = PBXGroup;
			children = (
				B16B6DD41F22854D0006D10B /* README.md */,
				B16B6D991F21C5DE0006D10B /* ARKitGame */,
				B16B6DAE1F21C5DE0006D10B /* ARKitGameTests */,
				B16B6DB91F21C5DE0006D10B /* ARKitGameUITests */,
				B16B6D981F21C5DE0006D10B /* Products */,
				B16B6DC81F21CADF0006D10B /* Frameworks */,
			);
			sourceTree = "<group>";
		};
		B16B6D981F21C5DE0006D10B /* Products */ = {
			isa = PBXGroup;
			children = (
				B16B6D971F21C5DE0006D10B /* ARKitGame.app */,
				B16B6DAB1F21C5DE0006D10B /* ARKitGameTests.xctest */,
				B16B6DB61F21C5DE0006D10B /* ARKitGameUITests.xctest */,
			);
			name = Products;
			sourceTree = "<group>";
		};
		B16B6D991F21C5DE0006D10B /* ARKitGame */ = {
			isa = PBXGroup;
			children = (
				B16B6D9A1F21C5DE0006D10B /* AppDelegate.swift */,
				B16B6D9C1F21C5DE0006D10B /* ViewController.swift */,
				B16B6DCC1F21D1DC0006D10B /* SpaceShip.swift */,
				B16B6DCA1F21D0C40006D10B /* art.scnassets */,
				B16B6D9E1F21C5DE0006D10B /* Main.storyboard */,
				B16B6DA11F21C5DE0006D10B /* Assets.xcassets */,
				B16B6DA31F21C5DE0006D10B /* LaunchScreen.storyboard */,
				B16B6DA61F21C5DE0006D10B /* Info.plist */,
			);
			path = ARKitGame;
			sourceTree = "<group>";
		};
		B16B6DAE1F21C5DE0006D10B /* ARKitGameTests */ = {
			isa = PBXGroup;
			children = (
				B16B6DAF1F21C5DE0006D10B /* ARKitGameTests.swift */,
				B16B6DB11F21C5DE0006D10B /* Info.plist */,
			);
			path = ARKitGameTests;
			sourceTree = "<group>";
		};
		B16B6DB91F21C5DE0006D10B /* ARKitGameUITests */ = {
			isa = PBXGroup;
			children = (
				B16B6DBA1F21C5DE0006D10B /* ARKitGameUITests.swift */,
				B16B6DBC1F21C5DE0006D10B /* Info.plist */,
			);
			path = ARKitGameUITests;
			sourceTree = "<group>";
		};
		B16B6DC81F21CADF0006D10B /* Frameworks */ = {
			isa = PBXGroup;
			children = (
				B16B6DC91F21CADF0006D10B /* ARKit.framework */,
			);
			name = Frameworks;
			sourceTree = "<group>";
		};
/* End PBXGroup section */

/* Begin PBXNativeTarget section */
		B16B6D961F21C5DE0006D10B /* ARKitGame */ = {
			isa = PBXNativeTarget;
			buildConfigurationList = B16B6DBF1F21C5DE0006D10B /* Build configuration list for PBXNativeTarget "ARKitGame" */;
			buildPhases = (
				B16B6D931F21C5DE0006D10B /* Sources */,
				B16B6D941F21C5DE0006D10B /* Frameworks */,
				B16B6D951F21C5DE0006D10B /* Resources */,
			);
			buildRules = (
			);
			dependencies = (
			);
			name = ARKitGame;
			productName = ARKitGame;
			productReference = B16B6D971F21C5DE0006D10B /* ARKitGame.app */;
			productType = "com.apple.product-type.application";
		};
		B16B6DAA1F21C5DE0006D10B /* ARKitGameTests */ = {
			isa = PBXNativeTarget;
			buildConfigurationList = B16B6DC21F21C5DE0006D10B /* Build configuration list for PBXNativeTarget "ARKitGameTests" */;
			buildPhases = (
				B16B6DA71F21C5DE0006D10B /* Sources */,
				B16B6DA81F21C5DE0006D10B /* Frameworks */,
				B16B6DA91F21C5DE0006D10B /* Resources */,
			);
			buildRules = (
			);
			dependencies = (
				B16B6DAD1F21C5DE0006D10B /* PBXTargetDependency */,
			);
			name = ARKitGameTests;
			productName = ARKitGameTests;
			productReference = B16B6DAB1F21C5DE0006D10B /* ARKitGameTests.xctest */;
			productType = "com.apple.product-type.bundle.unit-test";
		};
		B16B6DB51F21C5DE0006D10B /* ARKitGameUITests */ = {
			isa = PBXNativeTarget;
			buildConfigurationList = B16B6DC51F21C5DE0006D10B /* Build configuration list for PBXNativeTarget "ARKitGameUITests" */;
			buildPhases = (
				B16B6DB21F21C5DE0006D10B /* Sources */,
				B16B6DB31F21C5DE0006D10B /* Frameworks */,
				B16B6DB41F21C5DE0006D10B /* Resources */,
			);
			buildRules = (
			);
			dependencies = (
				B16B6DB81F21C5DE0006D10B /* PBXTargetDependency */,
			);
			name = ARKitGameUITests;
			productName = ARKitGameUITests;
			productReference = B16B6DB61F21C5DE0006D10B /* ARKitGameUITests.xctest */;
			productType = "com.apple.product-type.bundle.ui-testing";
		};
/* End PBXNativeTarget section */

/* Begin PBXProject section */
		B16B6D8F1F21C5DE0006D10B /* Project object */ = {
			isa = PBXProject;
			attributes = {
				LastSwiftUpdateCheck = 0900;
				LastUpgradeCheck = 0900;
				ORGANIZATIONNAME = "Kevin Piacentini";
				TargetAttributes = {
					B16B6D961F21C5DE0006D10B = {
						CreatedOnToolsVersion = 9.0;
					};
					B16B6DAA1F21C5DE0006D10B = {
						CreatedOnToolsVersion = 9.0;
						TestTargetID = B16B6D961F21C5DE0006D10B;
					};
					B16B6DB51F21C5DE0006D10B = {
						CreatedOnToolsVersion = 9.0;
						TestTargetID = B16B6D961F21C5DE0006D10B;
					};
				};
			};
			buildConfigurationList = B16B6D921F21C5DE0006D10B /* Build configuration list for PBXProject "ARKitGame" */;
			compatibilityVersion = "Xcode 8.0";
			developmentRegion = en;
			hasScannedForEncodings = 0;
			knownRegions = (
				en,
				Base,
			);
			mainGroup = B16B6D8E1F21C5DE0006D10B;
			productRefGroup = B16B6D981F21C5DE0006D10B /* Products */;
			projectDirPath = "";
			projectRoot = "";
			targets = (
				B16B6D961F21C5DE0006D10B /* ARKitGame */,
				B16B6DAA1F21C5DE0006D10B /* ARKitGameTests */,
				B16B6DB51F21C5DE0006D10B /* ARKitGameUITests */,
			);
		};
/* End PBXProject section */

/* Begin PBXResourcesBuildPhase section */
		B16B6D951F21C5DE0006D10B /* Resources */ = {
			isa = PBXResourcesBuildPhase;
			buildActionMask = 2147483647;
			files = (
				B16B6DA51F21C5DE0006D10B /* LaunchScreen.storyboard in Resources */,
				B16B6DCB1F21D0C40006D10B /* art.scnassets in Resources */,
				B16B6DA21F21C5DE0006D10B /* Assets.xcassets in Resources */,
				B16B6DA01F21C5DE0006D10B /* Main.storyboard in Resources */,
			);
			runOnlyForDeploymentPostprocessing = 0;
		};
		B16B6DA91F21C5DE0006D10B /* Resources */ = {
			isa = PBXResourcesBuildPhase;
			buildActionMask = 2147483647;
			files = (
			);
			runOnlyForDeploymentPostprocessing = 0;
		};
		B16B6DB41F21C5DE0006D10B /* Resources */ = {
			isa = PBXResourcesBuildPhase;
			buildActionMask = 2147483647;
			files = (
			);
			runOnlyForDeploymentPostprocessing = 0;
		};
/* End PBXResourcesBuildPhase section */

/* Begin PBXSourcesBuildPhase section */
		B16B6D931F21C5DE0006D10B /* Sources */ = {
			isa = PBXSourcesBuildPhase;
			buildActionMask = 2147483647;
			files = (
				B16B6DCD1F21D1DC0006D10B /* SpaceShip.swift in Sources */,
				B16B6D9D1F21C5DE0006D10B /* ViewController.swift in Sources */,
				B16B6D9B1F21C5DE0006D10B /* AppDelegate.swift in Sources */,
			);
			runOnlyForDeploymentPostprocessing = 0;
		};
		B16B6DA71F21C5DE0006D10B /* Sources */ = {
			isa = PBXSourcesBuildPhase;
			buildActionMask = 2147483647;
			files = (
				B16B6DB01F21C5DE0006D10B /* ARKitGameTests.swift in Sources */,
			);
			runOnlyForDeploymentPostprocessing = 0;
		};
		B16B6DB21F21C5DE0006D10B /* Sources */ = {
			isa = PBXSourcesBuildPhase;
			buildActionMask = 2147483647;
			files = (
				B16B6DBB1F21C5DE0006D10B /* ARKitGameUITests.swift in Sources */,
			);
			runOnlyForDeploymentPostprocessing = 0;
		};
/* End PBXSourcesBuildPhase section */

/* Begin PBXTargetDependency section */
		B16B6DAD1F21C5DE0006D10B /* PBXTargetDependency */ = {
			isa = PBXTargetDependency;
			target = B16B6D961F21C5DE0006D10B /* ARKitGame */;
			targetProxy = B16B6DAC1F21C5DE0006D10B /* PBXContainerItemProxy */;
		};
		B16B6DB81F21C5DE0006D10B /* PBXTargetDependency */ = {
			isa = PBXTargetDependency;
			target = B16B6D961F21C5DE0006D10B /* ARKitGame */;
			targetProxy = B16B6DB71F21C5DE0006D10B /* PBXContainerItemProxy */;
		};
/* End PBXTargetDependency section */

/* Begin PBXVariantGroup section */
		B16B6D9E1F21C5DE0006D10B /* Main.storyboard */ = {
			isa = PBXVariantGroup;
			children = (
				B16B6D9F1F21C5DE0006D10B /* Base */,
			);
			name = Main.storyboard;
			sourceTree = "<group>";
		};
		B16B6DA31F21C5DE0006D10B /* LaunchScreen.storyboard */ = {
			isa = PBXVariantGroup;
			children = (
				B16B6DA41F21C5DE0006D10B /* Base */,
			);
			name = LaunchScreen.storyboard;
			sourceTree = "<group>";
		};
/* End PBXVariantGroup section */

/* Begin XCBuildConfiguration section */
		B16B6DBD1F21C5DE0006D10B /* Debug */ = {
			isa = XCBuildConfiguration;
			buildSettings = {
				ALWAYS_SEARCH_USER_PATHS = NO;
				CLANG_ANALYZER_NONNULL = YES;
				CLANG_ANALYZER_NUMBER_OBJECT_CONVERSION = YES_AGGRESSIVE;
				CLANG_CXX_LANGUAGE_STANDARD = "gnu++14";
				CLANG_CXX_LIBRARY = "libc++";
				CLANG_ENABLE_MODULES = YES;
				CLANG_ENABLE_OBJC_ARC = YES;
				CLANG_WARN_BLOCK_CAPTURE_AUTORELEASING = YES;
				CLANG_WARN_BOOL_CONVERSION = YES;
				CLANG_WARN_COMMA = YES;
				CLANG_WARN_CONSTANT_CONVERSION = YES;
				CLANG_WARN_DIRECT_OBJC_ISA_USAGE = YES_ERROR;
				CLANG_WARN_DOCUMENTATION_COMMENTS = YES;
				CLANG_WARN_EMPTY_BODY = YES;
				CLANG_WARN_ENUM_CONVERSION = YES;
				CLANG_WARN_INFINITE_RECURSION = YES;
				CLANG_WARN_INT_CONVERSION = YES;
				CLANG_WARN_NON_LITERAL_NULL_CONVERSION = YES;
				CLANG_WARN_OBJC_LITERAL_CONVERSION = YES;
				CLANG_WARN_OBJC_ROOT_CLASS = YES_ERROR;
				CLANG_WARN_RANGE_LOOP_ANALYSIS = YES;
				CLANG_WARN_STRICT_PROTOTYPES = YES;
				CLANG_WARN_SUSPICIOUS_MOVE = YES;
				CLANG_WARN_UNGUARDED_AVAILABILITY = YES_AGGRESSIVE;
				CLANG_WARN_UNREACHABLE_CODE = YES;
				CLANG_WARN__DUPLICATE_METHOD_MATCH = YES;
				CODE_SIGN_IDENTITY = "iPhone Developer";
				COPY_PHASE_STRIP = NO;
				DEBUG_INFORMATION_FORMAT = dwarf;
				ENABLE_STRICT_OBJC_MSGSEND = YES;
				ENABLE_TESTABILITY = YES;
				GCC_C_LANGUAGE_STANDARD = gnu11;
				GCC_DYNAMIC_NO_PIC = NO;
				GCC_NO_COMMON_BLOCKS = YES;
				GCC_OPTIMIZATION_LEVEL = 0;
				GCC_PREPROCESSOR_DEFINITIONS = (
					"DEBUG=1",
					"$(inherited)",
				);
				GCC_WARN_64_TO_32_BIT_CONVERSION = YES;
				GCC_WARN_ABOUT_RETURN_TYPE = YES_ERROR;
				GCC_WARN_UNDECLARED_SELECTOR = YES;
				GCC_WARN_UNINITIALIZED_AUTOS = YES_AGGRESSIVE;
				GCC_WARN_UNUSED_FUNCTION = YES;
				GCC_WARN_UNUSED_VARIABLE = YES;
				IPHONEOS_DEPLOYMENT_TARGET = 11.0;
				MTL_ENABLE_DEBUG_INFO = YES;
				ONLY_ACTIVE_ARCH = YES;
				SDKROOT = iphoneos;
				SWIFT_ACTIVE_COMPILATION_CONDITIONS = DEBUG;
				SWIFT_OPTIMIZATION_LEVEL = "-Onone";
			};
			name = Debug;
		};
		B16B6DBE1F21C5DE0006D10B /* Release */ = {
			isa = XCBuildConfiguration;
			buildSettings = {
				ALWAYS_SEARCH_USER_PATHS = NO;
				CLANG_ANALYZER_NONNULL = YES;
				CLANG_ANALYZER_NUMBER_OBJECT_CONVERSION = YES_AGGRESSIVE;
				CLANG_CXX_LANGUAGE_STANDARD = "gnu++14";
				CLANG_CXX_LIBRARY = "libc++";
				CLANG_ENABLE_MODULES = YES;
				CLANG_ENABLE_OBJC_ARC = YES;
				CLANG_WARN_BLOCK_CAPTURE_AUTORELEASING = YES;
				CLANG_WARN_BOOL_CONVERSION = YES;
				CLANG_WARN_COMMA = YES;
				CLANG_WARN_CONSTANT_CONVERSION = YES;
				CLANG_WARN_DIRECT_OBJC_ISA_USAGE = YES_ERROR;
				CLANG_WARN_DOCUMENTATION_COMMENTS = YES;
				CLANG_WARN_EMPTY_BODY = YES;
				CLANG_WARN_ENUM_CONVERSION = YES;
				CLANG_WARN_INFINITE_RECURSION = YES;
				CLANG_WARN_INT_CONVERSION = YES;
				CLANG_WARN_NON_LITERAL_NULL_CONVERSION = YES;
				CLANG_WARN_OBJC_LITERAL_CONVERSION = YES;
				CLANG_WARN_OBJC_ROOT_CLASS = YES_ERROR;
				CLANG_WARN_RANGE_LOOP_ANALYSIS = YES;
				CLANG_WARN_STRICT_PROTOTYPES = YES;
				CLANG_WARN_SUSPICIOUS_MOVE = YES;
				CLANG_WARN_UNGUARDED_AVAILABILITY = YES_AGGRESSIVE;
				CLANG_WARN_UNREACHABLE_CODE = YES;
				CLANG_WARN__DUPLICATE_METHOD_MATCH = YES;
				CODE_SIGN_IDENTITY = "iPhone Developer";
				COPY_PHASE_STRIP = NO;
				DEBUG_INFORMATION_FORMAT = "dwarf-with-dsym";
				ENABLE_NS_ASSERTIONS = NO;
				ENABLE_STRICT_OBJC_MSGSEND = YES;
				GCC_C_LANGUAGE_STANDARD = gnu11;
				GCC_NO_COMMON_BLOCKS = YES;
				GCC_WARN_64_TO_32_BIT_CONVERSION = YES;
				GCC_WARN_ABOUT_RETURN_TYPE = YES_ERROR;
				GCC_WARN_UNDECLARED_SELECTOR = YES;
				GCC_WARN_UNINITIALIZED_AUTOS = YES_AGGRESSIVE;
				GCC_WARN_UNUSED_FUNCTION = YES;
				GCC_WARN_UNUSED_VARIABLE = YES;
				IPHONEOS_DEPLOYMENT_TARGET = 11.0;
				MTL_ENABLE_DEBUG_INFO = NO;
				SDKROOT = iphoneos;
				SWIFT_OPTIMIZATION_LEVEL = "-Owholemodule";
				VALIDATE_PRODUCT = YES;
			};
			name = Release;
		};
		B16B6DC01F21C5DE0006D10B /* Debug */ = {
			isa = XCBuildConfiguration;
			buildSettings = {
				ASSETCATALOG_COMPILER_APPICON_NAME = AppIcon;
				DEVELOPMENT_TEAM = E4EA7753RM;
				INFOPLIST_FILE = ARKitGame/Info.plist;
				IPHONEOS_DEPLOYMENT_TARGET = 11.0;
				LD_RUNPATH_SEARCH_PATHS = "$(inherited) @executable_path/Frameworks";
				PRODUCT_BUNDLE_IDENTIFIER = kevinpiacentini.ARKitGame;
				PRODUCT_NAME = "$(TARGET_NAME)";
				SWIFT_VERSION = 4.0;
				TARGETED_DEVICE_FAMILY = "1,2";
			};
			name = Debug;
		};
		B16B6DC11F21C5DE0006D10B /* Release */ = {
			isa = XCBuildConfiguration;
			buildSettings = {
				ASSETCATALOG_COMPILER_APPICON_NAME = AppIcon;
				DEVELOPMENT_TEAM = E4EA7753RM;
				INFOPLIST_FILE = ARKitGame/Info.plist;
				IPHONEOS_DEPLOYMENT_TARGET = 11.0;
				LD_RUNPATH_SEARCH_PATHS = "$(inherited) @executable_path/Frameworks";
				PRODUCT_BUNDLE_IDENTIFIER = kevinpiacentini.ARKitGame;
				PRODUCT_NAME = "$(TARGET_NAME)";
				SWIFT_VERSION = 4.0;
				TARGETED_DEVICE_FAMILY = "1,2";
			};
			name = Release;
		};
		B16B6DC31F21C5DE0006D10B /* Debug */ = {
			isa = XCBuildConfiguration;
			buildSettings = {
				ALWAYS_EMBED_SWIFT_STANDARD_LIBRARIES = YES;
				BUNDLE_LOADER = "$(TEST_HOST)";
				DEVELOPMENT_TEAM = E4EA7753RM;
				INFOPLIST_FILE = ARKitGameTests/Info.plist;
				LD_RUNPATH_SEARCH_PATHS = "$(inherited) @executable_path/Frameworks @loader_path/Frameworks";
				PRODUCT_BUNDLE_IDENTIFIER = kevinpiacentini.ARKitGameTests;
				PRODUCT_NAME = "$(TARGET_NAME)";
				SWIFT_VERSION = 4.0;
				TARGETED_DEVICE_FAMILY = "1,2";
				TEST_HOST = "$(BUILT_PRODUCTS_DIR)/ARKitGame.app/ARKitGame";
			};
			name = Debug;
		};
		B16B6DC41F21C5DE0006D10B /* Release */ = {
			isa = XCBuildConfiguration;
			buildSettings = {
				ALWAYS_EMBED_SWIFT_STANDARD_LIBRARIES = YES;
				BUNDLE_LOADER = "$(TEST_HOST)";
				DEVELOPMENT_TEAM = E4EA7753RM;
				INFOPLIST_FILE = ARKitGameTests/Info.plist;
				LD_RUNPATH_SEARCH_PATHS = "$(inherited) @executable_path/Frameworks @loader_path/Frameworks";
				PRODUCT_BUNDLE_IDENTIFIER = kevinpiacentini.ARKitGameTests;
				PRODUCT_NAME = "$(TARGET_NAME)";
				SWIFT_VERSION = 4.0;
				TARGETED_DEVICE_FAMILY = "1,2";
				TEST_HOST = "$(BUILT_PRODUCTS_DIR)/ARKitGame.app/ARKitGame";
			};
			name = Release;
		};
		B16B6DC61F21C5DE0006D10B /* Debug */ = {
			isa = XCBuildConfiguration;
			buildSettings = {
				ALWAYS_EMBED_SWIFT_STANDARD_LIBRARIES = YES;
				DEVELOPMENT_TEAM = E4EA7753RM;
				INFOPLIST_FILE = ARKitGameUITests/Info.plist;
				LD_RUNPATH_SEARCH_PATHS = "$(inherited) @executable_path/Frameworks @loader_path/Frameworks";
				PRODUCT_BUNDLE_IDENTIFIER = kevinpiacentini.ARKitGameUITests;
				PRODUCT_NAME = "$(TARGET_NAME)";
				SWIFT_VERSION = 4.0;
				TARGETED_DEVICE_FAMILY = "1,2";
				TEST_TARGET_NAME = ARKitGame;
			};
			name = Debug;
		};
		B16B6DC71F21C5DE0006D10B /* Release */ = {
			isa = XCBuildConfiguration;
			buildSettings = {
				ALWAYS_EMBED_SWIFT_STANDARD_LIBRARIES = YES;
				DEVELOPMENT_TEAM = E4EA7753RM;
				INFOPLIST_FILE = ARKitGameUITests/Info.plist;
				LD_RUNPATH_SEARCH_PATHS = "$(inherited) @executable_path/Frameworks @loader_path/Frameworks";
				PRODUCT_BUNDLE_IDENTIFIER = kevinpiacentini.ARKitGameUITests;
				PRODUCT_NAME = "$(TARGET_NAME)";
				SWIFT_VERSION = 4.0;
				TARGETED_DEVICE_FAMILY = "1,2";
				TEST_TARGET_NAME = ARKitGame;
			};
			name = Release;
		};
/* End XCBuildConfiguration section */

/* Begin XCConfigurationList section */
		B16B6D921F21C5DE0006D10B /* Build configuration list for PBXProject "ARKitGame" */ = {
			isa = XCConfigurationList;
			buildConfigurations = (
				B16B6DBD1F21C5DE0006D10B /* Debug */,
				B16B6DBE1F21C5DE0006D10B /* Release */,
			);
			defaultConfigurationIsVisible = 0;
			defaultConfigurationName = Release;
		};
		B16B6DBF1F21C5DE0006D10B /* Build configuration list for PBXNativeTarget "ARKitGame" */ = {
			isa = XCConfigurationList;
			buildConfigurations = (
				B16B6DC01F21C5DE0006D10B /* Debug */,
				B16B6DC11F21C5DE0006D10B /* Release */,
			);
			defaultConfigurationIsVisible = 0;
		};
		B16B6DC21F21C5DE0006D10B /* Build configuration list for PBXNativeTarget "ARKitGameTests" */ = {
			isa = XCConfigurationList;
			buildConfigurations = (
				B16B6DC31F21C5DE0006D10B /* Debug */,
				B16B6DC41F21C5DE0006D10B /* Release */,
			);
			defaultConfigurationIsVisible = 0;
		};
		B16B6DC51F21C5DE0006D10B /* Build configuration list for PBXNativeTarget "ARKitGameUITests" */ = {
			isa = XCConfigurationList;
			buildConfigurations = (
				B16B6DC61F21C5DE0006D10B /* Debug */,
				B16B6DC71F21C5DE0006D10B /* Release */,
			);
			defaultConfigurationIsVisible = 0;
		};
/* End XCConfigurationList section */
	};
	rootObject = B16B6D8F1F21C5DE0006D10B /* Project object */;
}
